Microsoft Visual Studio Solution File, Format Version 11.00
# Visual Studio 2008

Project("{830B15DE-0CB0-DF7B-0575-58BDA6E23A0B}") = "BillHatesVideoGames", "Assembly-CSharp.csproj", "{910E1765-8CE1-7F18-6C24-4E8B77219085}"
EndProject
Project("{830B15DE-0CB0-DF7B-0575-58BDA6E23A0B}") = "BillHatesVideoGames", "Assembly-CSharp-Editor.csproj", "{221C04F7-4CAD-BCD0-2B2A-6B36BB87468B}"
EndProject
Global
	GlobalSection(SolutionConfigurationPlatforms) = preSolution
		Debug|Any CPU = Debug|Any CPU
		Release|Any CPU = Release|Any CPU
	EndGlobalSection
	GlobalSection(ProjectConfigurationPlatforms) = postSolution
		{910E1765-8CE1-7F18-6C24-4E8B77219085}.Debug|Any CPU.ActiveCfg = Debug|Any CPU
		{910E1765-8CE1-7F18-6C24-4E8B77219085}.Debug|Any CPU.Build.0 = Debug|Any CPU
		{910E1765-8CE1-7F18-6C24-4E8B77219085}.Release|Any CPU.ActiveCfg = Release|Any CPU
		{910E1765-8CE1-7F18-6C24-4E8B77219085}.Release|Any CPU.Build.0 = Release|Any CPU
		{221C04F7-4CAD-BCD0-2B2A-6B36BB87468B}.Debug|Any CPU.ActiveCfg = Debug|Any CPU
		{221C04F7-4CAD-BCD0-2B2A-6B36BB87468B}.Debug|Any CPU.Build.0 = Debug|Any CPU
		{221C04F7-4CAD-BCD0-2B2A-6B36BB87468B}.Release|Any CPU.ActiveCfg = Release|Any CPU
		{221C04F7-4CAD-BCD0-2B2A-6B36BB87468B}.Release|Any CPU.Build.0 = Release|Any CPU
	EndGlobalSection
	GlobalSection(SolutionProperties) = preSolution
		HideSolutionNode = FALSE
	EndGlobalSection
	GlobalSection(MonoDevelopProperties) = preSolution
		StartupItem = Assembly-CSharp.csproj
	EndGlobalSection
EndGlobal
